github.com/davecgh/go-spew v1.1.1/go.mod h1:J7Y8YcW2NihsgmVo/mv3lAwl/skON4iLHjSsI+c5H38=
github.com/mindprince/gonvml v0.0.0-20190828220739-9ebdce4bb989 h1:PS1dLCGtD8bb9RPKJrc8bS7qHL6JnW1CZvwzH9dPoUs=
github.com/mindprince/gonvml v0.0.0-20190828220739-9ebdce4bb989/go.mod h1:2eu9pRWp8mo84xCg6KswZ+USQHjwgRhNp06sozOdsTY=
github.com/open-falcon/falcon-plus v0.2.1 h1:Fzx9l8CBsbZ0aAa1s9XbM8U37dJ4nH+CBso1ExUUFVk=
github.com/open-falcon/falcon-plus v0.2.1/go.mod h1:S7Y8V8EtFGI5rMsaAEihrSRh8k1AUrAD4LHiZn9JXNc=
github.com/pmezard/go-difflib v1.0.0/go.mod h1:iKH77koFhYxTK1pcRnkKkqfTogsbg7gZNVY4sRDYZ/4=
github.com/sirupsen/logrus v1.8.1 h1:dJKuHgqk1NNQlqoA6BTlM1Wf9DOH3NBjQyu0h9+AZZE=
github.com/sirupsen/logrus v1.8.1/go.mod h1:yWOB1SBYBC5VeMP7gHvWumXLIWorT60ONWic61uBYv0=
github.com/stretchr/testify v1.2.2/go.mod h1:a8OnRcib4nhh0OaRAV+Yts87kKdq0PP7pXfy6kDkUVs=
github.com/toolkits/core v0.0.0-20141116054942-0ebf14900fe2 h1:KqJEPqqAyr7+GzVX3JrRkpruhcMTZJF5kEGO93Rfrqo=
github.com/toolkits/core v0.0.0-20141116054942-0ebf14900fe2/go.mod h1:g5CfkC3ciO92SomFWVazgaQM+sUUG19GQrBNNzGwxZk=
github.com/toolkits/file v0.0.0-20160325033739-a5b3c5147e07 h1:d/VUIMNTk65Xz69htmRPNfjypq2uNRqVsymcXQu6kKk=
github.com/toolkits/file v0.0.0-20160325033739-a5b3c5147e07/go.mod h1:FbXpUxsx5in7z/OrWFDdhYetOy3/VGIJsVHN9G7RUPA=
github.com/toolkits/net v0.0.0-20160910085801-3f39ab6fe3ce h1:XrGffRW+HbN/I45pd25GK3z419YAlHrgTljrQt/ogxk=
github.com/toolkits/net v0.0.0-20160910085801-3f39ab6fe3ce/go.mod h1:6zuR3YGQf7EoHAyqA7EayVehUiQm1ZdGJ2PslJ9Xgls=
github.com/toolkits/nux v0.0.0-20200401110743-debb3829764a h1:tZ18kQ73hny2GuMFDP38LIq0KFAF3hLBqc3kpjAyVlE=
github.com/toolkits/nux v0.0.0-20200401110743-debb3829764a/go.mod h1:YO6BC09QPN1xharvGj2ZKH3uFILpBkrOWKxEgLYfqoo=
github.com/toolkits/slice v0.0.0-20141116085117-e44a80af2484 h1:ERmNDajjCusGqV3uLhlHhRNpvQiGM1S6pd0RSe3LP+w=
github.com/toolkits/slice v0.0.0-20141116085117-e44a80af2484/go.mod h1:2ZKxkgYEh//pN54EFSkJBak63sg0LxQQFjQmpEwxQx0=
github.com/toolkits/sys v0.0.0-20170615103026-1f33b217ffaf h1:1/LnhAvvotcSWDl1ntwUePzLXcyHjAzZ0Ih0F+kKGZU=
github.com/toolkits/sys v0.0.0-20170615103026-1f33b217ffaf/go.mod h1:GejnAYmB2Pr/2fWKp7OGdd6MzuXvRwClmdQAnvnr++I=
github.com/toolkits/time v0.0.0-20160524122720-c274716e8d7f h1:dcluAE5OGvcWy7xfrNrYXQrgEUSK34vBpq7mKTE1zz0=
github.com/toolkits/time v0.0.0-20160524122720-c274716e8d7f/go.mod h1:XaIcQHoNgaZn0rTaVOUwOBrsENnHREEBzWmon3ZjUFY=
golang.org/x/sys v0.0.0-20191026070338-33540a1f6037 h1:YyJpGZS1sBuBCzLAR1VEpK193GlqGZbnPFnPV/5Rsb4=
golang.org/x/sys v0.0.0-20191026070338-33540a1f6037/go.mod h1:h1NjWce9XRLGQEsW7wpKNCjG9DtNlClVuFLEZdDNbEs=
